Microsoft Visual Studio Solution File, Format Version 12.00
# Visual Studio Version 17
VisualStudioVersion = 17.0.31903.59
MinimumVisualStudioVersion = 10.0.40219.1
Project("{2150E333-8FDC-42A3-9474-1A3956D46DE8}") = "UserManagement", "UserManagement", "{8E02F566-9A16-478F-9A1F-F706C1EA0A50}"
EndProject
Project("{2150E333-8FDC-42A3-9474-1A3956D46DE8}") = "Gateways", "Gateways", "{049F0004-32E6-43BF-A443-410D8D5A9E50}"
EndProject
Project("{2150E333-8FDC-42A3-9474-1A3956D46DE8}") = "Shared", "Shared", "{B7DC79ED-7726-4AED-A026-06D73648ACE1}"
EndProject
Project("{2150E333-8FDC-42A3-9474-1A3956D46DE8}") = "Services", "Services", "{F3290244-134D-441C-A406-7C88303E01F0}"
EndProject
Project("{2150E333-8FDC-42A3-9474-1A3956D46DE8}") = "AquaHome", "AquaHome", "{E41A9EC8-4B36-42D2-AF48-B1DC7A9E5D57}"
EndProject
Project("{2150E333-8FDC-42A3-9474-1A3956D46DE8}") = "FishDex", "FishDex", "{89031CF2-D3D8-4FB1-B868-C17DEB3C006F}"
EndProject
Project("{FAE04EC0-301F-11D3-BF4B-00C04F79EFBC}") = "ApiGateway", "ApiGateway\ApiGateway.csproj", "{6958FA79-E997-4C7B-B1CC-015CBB735BF9}"
EndProject
Project("{FAE04EC0-301F-11D3-BF4B-00C04F79EFBC}") = "FishLover.Shared", "Share\FishLover.Shared\FishLover.Shared.csproj", "{CE56B484-CFAB-46FE-A544-D37C981D0D07}"
EndProject
Project("{FAE04EC0-301F-11D3-BF4B-00C04F79EFBC}") = "FishDex.EFCore", "FishDex\FishDex.EFCore\FishDex.EFCore.csproj", "{72A4B44C-3BAE-4349-8406-D0B8BCFE3A38}"
EndProject
Project("{FAE04EC0-301F-11D3-BF4B-00C04F79EFBC}") = "UserManagement.API", "UserManagement\UserManagement.API\UserManagement.API.csproj", "{81C8332B-463A-40D0-AA7F-C6668E767F58}"
EndProject
Project("{FAE04EC0-301F-11D3-BF4B-00C04F79EFBC}") = "UserManagement.Domain", "UserManagement\UserManagement.Domain\UserManagement.Domain.csproj", "{DD712F46-A424-471C-B5DA-1D163E0DB11B}"
EndProject
Project("{FAE04EC0-301F-11D3-BF4B-00C04F79EFBC}") = "UserManagement.EFCore", "UserManagement\UserManagement.EFCore\UserManagement.EFCore.csproj", "{409B8FB6-F906-4596-ADBB-E2060F93A79E}"
EndProject
Project("{FAE04EC0-301F-11D3-BF4B-00C04F79EFBC}") = "FishDex.API", "FishDex\FishDex.API\FishDex.API.csproj", "{6EADB13C-2FC9-4CC6-AB82-6FC7B9C67473}"
EndProject
Global
	GlobalSection(SolutionConfigurationPlatforms) = preSolution
		Debug|Any CPU = Debug|Any CPU
		Release|Any CPU = Release|Any CPU
	EndGlobalSection
	GlobalSection(SolutionProperties) = preSolution
		HideSolutionNode = FALSE
	EndGlobalSection
	GlobalSection(ProjectConfigurationPlatforms) = postSolution
		{6958FA79-E997-4C7B-B1CC-015CBB735BF9}.Debug|Any CPU.ActiveCfg = Debug|Any CPU
		{6958FA79-E997-4C7B-B1CC-015CBB735BF9}.Debug|Any CPU.Build.0 = Debug|Any CPU
		{6958FA79-E997-4C7B-B1CC-015CBB735BF9}.Release|Any CPU.ActiveCfg = Release|Any CPU
		{6958FA79-E997-4C7B-B1CC-015CBB735BF9}.Release|Any CPU.Build.0 = Release|Any CPU
		{CE56B484-CFAB-46FE-A544-D37C981D0D07}.Debug|Any CPU.ActiveCfg = Debug|Any CPU
		{CE56B484-CFAB-46FE-A544-D37C981D0D07}.Debug|Any CPU.Build.0 = Debug|Any CPU
		{CE56B484-CFAB-46FE-A544-D37C981D0D07}.Release|Any CPU.ActiveCfg = Release|Any CPU
		{CE56B484-CFAB-46FE-A544-D37C981D0D07}.Release|Any CPU.Build.0 = Release|Any CPU
		{72A4B44C-3BAE-4349-8406-D0B8BCFE3A38}.Debug|Any CPU.ActiveCfg = Debug|Any CPU
		{72A4B44C-3BAE-4349-8406-D0B8BCFE3A38}.Debug|Any CPU.Build.0 = Debug|Any CPU
		{72A4B44C-3BAE-4349-8406-D0B8BCFE3A38}.Release|Any CPU.ActiveCfg = Release|Any CPU
		{72A4B44C-3BAE-4349-8406-D0B8BCFE3A38}.Release|Any CPU.Build.0 = Release|Any CPU
		{81C8332B-463A-40D0-AA7F-C6668E767F58}.Debug|Any CPU.ActiveCfg = Debug|Any CPU
		{81C8332B-463A-40D0-AA7F-C6668E767F58}.Debug|Any CPU.Build.0 = Debug|Any CPU
		{81C8332B-463A-40D0-AA7F-C6668E767F58}.Release|Any CPU.ActiveCfg = Release|Any CPU
		{81C8332B-463A-40D0-AA7F-C6668E767F58}.Release|Any CPU.Build.0 = Release|Any CPU
		{DD712F46-A424-471C-B5DA-1D163E0DB11B}.Debug|Any CPU.ActiveCfg = Debug|Any CPU
		{DD712F46-A424-471C-B5DA-1D163E0DB11B}.Debug|Any CPU.Build.0 = Debug|Any CPU
		{DD712F46-A424-471C-B5DA-1D163E0DB11B}.Release|Any CPU.ActiveCfg = Release|Any CPU
		{DD712F46-A424-471C-B5DA-1D163E0DB11B}.Release|Any CPU.Build.0 = Release|Any CPU
		{409B8FB6-F906-4596-ADBB-E2060F93A79E}.Debug|Any CPU.ActiveCfg = Debug|Any CPU
		{409B8FB6-F906-4596-ADBB-E2060F93A79E}.Debug|Any CPU.Build.0 = Debug|Any CPU
		{409B8FB6-F906-4596-ADBB-E2060F93A79E}.Release|Any CPU.ActiveCfg = Release|Any CPU
		{409B8FB6-F906-4596-ADBB-E2060F93A79E}.Release|Any CPU.Build.0 = Release|Any CPU
		{6EADB13C-2FC9-4CC6-AB82-6FC7B9C67473}.Debug|Any CPU.ActiveCfg = Debug|Any CPU
		{6EADB13C-2FC9-4CC6-AB82-6FC7B9C67473}.Debug|Any CPU.Build.0 = Debug|Any CPU
		{6EADB13C-2FC9-4CC6-AB82-6FC7B9C67473}.Release|Any CPU.ActiveCfg = Release|Any CPU
		{6EADB13C-2FC9-4CC6-AB82-6FC7B9C67473}.Release|Any CPU.Build.0 = Release|Any CPU
	EndGlobalSection
	GlobalSection(NestedProjects) = preSolution
		{8E02F566-9A16-478F-9A1F-F706C1EA0A50} = {F3290244-134D-441C-A406-7C88303E01F0}
		{E41A9EC8-4B36-42D2-AF48-B1DC7A9E5D57} = {F3290244-134D-441C-A406-7C88303E01F0}
		{89031CF2-D3D8-4FB1-B868-C17DEB3C006F} = {F3290244-134D-441C-A406-7C88303E01F0}
		{6958FA79-E997-4C7B-B1CC-015CBB735BF9} = {049F0004-32E6-43BF-A443-410D8D5A9E50}
		{CE56B484-CFAB-46FE-A544-D37C981D0D07} = {B7DC79ED-7726-4AED-A026-06D73648ACE1}
		{72A4B44C-3BAE-4349-8406-D0B8BCFE3A38} = {89031CF2-D3D8-4FB1-B868-C17DEB3C006F}
		{81C8332B-463A-40D0-AA7F-C6668E767F58} = {8E02F566-9A16-478F-9A1F-F706C1EA0A50}
		{DD712F46-A424-471C-B5DA-1D163E0DB11B} = {8E02F566-9A16-478F-9A1F-F706C1EA0A50}
		{409B8FB6-F906-4596-ADBB-E2060F93A79E} = {8E02F566-9A16-478F-9A1F-F706C1EA0A50}
		{6EADB13C-2FC9-4CC6-AB82-6FC7B9C67473} = {89031CF2-D3D8-4FB1-B868-C17DEB3C006F}
	EndGlobalSection
EndGlobal
